
Microsoft Visual Studio Solution File, Format Version 12.00
# Visual Studio Version 16
VisualStudioVersion = 16.0.30114.105
MinimumVisualStudioVersion = 10.0.40219.1
Project("{2150E333-8FDC-42A3-9474-1A3956D46DE8}") = "Solution Items", "Solution Items", "{1A6E5698-5BF1-4AA8-BE3E-9D28AFEF6F90}"
ProjectSection(SolutionItems) = preProject
	.gitignore = .gitignore
	Readme.md = Readme.md
	template.yaml = template.yaml
EndProjectSection
EndProject
Project("{FAE04EC0-301F-11D3-BF4B-00C04F79EFBC}") = "MessageListener", "src\MessageListener\MessageListener.csproj", "{FF446664-B34A-4F59-8554-F5C9481FF82C}"
EndProject
Project("{FAE04EC0-301F-11D3-BF4B-00C04F79EFBC}") = "Adapter", "Adapter\Adapter.csproj", "{3D6209BC-EAF6-4217-B13A-C1DD29B28225}"
EndProject
Project("{FAE04EC0-301F-11D3-BF4B-00C04F79EFBC}") = "Domain", "Domain\Domain.csproj", "{1C1D28D4-99ED-479A-BAD8-FD43F6EE045F}"
EndProject
Project("{FAE04EC0-301F-11D3-BF4B-00C04F79EFBC}") = "Tests", "Tests\Tests.csproj", "{62CA4E13-09CE-4E84-AED8-ED397593F48C}"
EndProject
Global
	GlobalSection(SolutionConfigurationPlatforms) = preSolution
		Debug|Any CPU = Debug|Any CPU
		Debug|x64 = Debug|x64
		Debug|x86 = Debug|x86
		Release|Any CPU = Release|Any CPU
		Release|x64 = Release|x64
		Release|x86 = Release|x86
	EndGlobalSection
	GlobalSection(SolutionProperties) = preSolution
		HideSolutionNode = FALSE
	EndGlobalSection
	GlobalSection(ProjectConfigurationPlatforms) = postSolution
		{FF446664-B34A-4F59-8554-F5C9481FF82C}.Debug|Any CPU.ActiveCfg = Debug|Any CPU
		{FF446664-B34A-4F59-8554-F5C9481FF82C}.Debug|Any CPU.Build.0 = Debug|Any CPU
		{FF446664-B34A-4F59-8554-F5C9481FF82C}.Debug|x64.ActiveCfg = Debug|Any CPU
		{FF446664-B34A-4F59-8554-F5C9481FF82C}.Debug|x64.Build.0 = Debug|Any CPU
		{FF446664-B34A-4F59-8554-F5C9481FF82C}.Debug|x86.ActiveCfg = Debug|Any CPU
		{FF446664-B34A-4F59-8554-F5C9481FF82C}.Debug|x86.Build.0 = Debug|Any CPU
		{FF446664-B34A-4F59-8554-F5C9481FF82C}.Release|Any CPU.ActiveCfg = Release|Any CPU
		{FF446664-B34A-4F59-8554-F5C9481FF82C}.Release|Any CPU.Build.0 = Release|Any CPU
		{FF446664-B34A-4F59-8554-F5C9481FF82C}.Release|x64.ActiveCfg = Release|Any CPU
		{FF446664-B34A-4F59-8554-F5C9481FF82C}.Release|x64.Build.0 = Release|Any CPU
		{FF446664-B34A-4F59-8554-F5C9481FF82C}.Release|x86.ActiveCfg = Release|Any CPU
		{FF446664-B34A-4F59-8554-F5C9481FF82C}.Release|x86.Build.0 = Release|Any CPU
		{3D6209BC-EAF6-4217-B13A-C1DD29B28225}.Debug|Any CPU.ActiveCfg = Debug|Any CPU
		{3D6209BC-EAF6-4217-B13A-C1DD29B28225}.Debug|Any CPU.Build.0 = Debug|Any CPU
		{3D6209BC-EAF6-4217-B13A-C1DD29B28225}.Debug|x64.ActiveCfg = Debug|Any CPU
		{3D6209BC-EAF6-4217-B13A-C1DD29B28225}.Debug|x64.Build.0 = Debug|Any CPU
		{3D6209BC-EAF6-4217-B13A-C1DD29B28225}.Debug|x86.ActiveCfg = Debug|Any CPU
		{3D6209BC-EAF6-4217-B13A-C1DD29B28225}.Debug|x86.Build.0 = Debug|Any CPU
		{3D6209BC-EAF6-4217-B13A-C1DD29B28225}.Release|Any CPU.ActiveCfg = Release|Any CPU
		{3D6209BC-EAF6-4217-B13A-C1DD29B28225}.Release|Any CPU.Build.0 = Release|Any CPU
		{3D6209BC-EAF6-4217-B13A-C1DD29B28225}.Release|x64.ActiveCfg = Release|Any CPU
		{3D6209BC-EAF6-4217-B13A-C1DD29B28225}.Release|x64.Build.0 = Release|Any CPU
		{3D6209BC-EAF6-4217-B13A-C1DD29B28225}.Release|x86.ActiveCfg = Release|Any CPU
		{3D6209BC-EAF6-4217-B13A-C1DD29B28225}.Release|x86.Build.0 = Release|Any CPU
		{1C1D28D4-99ED-479A-BAD8-FD43F6EE045F}.Debug|Any CPU.ActiveCfg = Debug|Any CPU
		{1C1D28D4-99ED-479A-BAD8-FD43F6EE045F}.Debug|Any CPU.Build.0 = Debug|Any CPU
		{1C1D28D4-99ED-479A-BAD8-FD43F6EE045F}.Debug|x64.ActiveCfg = Debug|Any CPU
		{1C1D28D4-99ED-479A-BAD8-FD43F6EE045F}.Debug|x64.Build.0 = Debug|Any CPU
		{1C1D28D4-99ED-479A-BAD8-FD43F6EE045F}.Debug|x86.ActiveCfg = Debug|Any CPU
		{1C1D28D4-99ED-479A-BAD8-FD43F6EE045F}.Debug|x86.Build.0 = Debug|Any CPU
		{1C1D28D4-99ED-479A-BAD8-FD43F6EE045F}.Release|Any CPU.ActiveCfg = Release|Any CPU
		{1C1D28D4-99ED-479A-BAD8-FD43F6EE045F}.Release|Any CPU.Build.0 = Release|Any CPU
		{1C1D28D4-99ED-479A-BAD8-FD43F6EE045F}.Release|x64.ActiveCfg = Release|Any CPU
		{1C1D28D4-99ED-479A-BAD8-FD43F6EE045F}.Release|x64.Build.0 = Release|Any CPU
		{1C1D28D4-99ED-479A-BAD8-FD43F6EE045F}.Release|x86.ActiveCfg = Release|Any CPU
		{1C1D28D4-99ED-479A-BAD8-FD43F6EE045F}.Release|x86.Build.0 = Release|Any CPU
		{62CA4E13-09CE-4E84-AED8-ED397593F48C}.Debug|Any CPU.ActiveCfg = Debug|Any CPU
		{62CA4E13-09CE-4E84-AED8-ED397593F48C}.Debug|Any CPU.Build.0 = Debug|Any CPU
		{62CA4E13-09CE-4E84-AED8-ED397593F48C}.Debug|x64.ActiveCfg = Debug|Any CPU
		{62CA4E13-09CE-4E84-AED8-ED397593F48C}.Debug|x64.Build.0 = Debug|Any CPU
		{62CA4E13-09CE-4E84-AED8-ED397593F48C}.Debug|x86.ActiveCfg = Debug|Any CPU
		{62CA4E13-09CE-4E84-AED8-ED397593F48C}.Debug|x86.Build.0 = Debug|Any CPU
		{62CA4E13-09CE-4E84-AED8-ED397593F48C}.Release|Any CPU.ActiveCfg = Release|Any CPU
		{62CA4E13-09CE-4E84-AED8-ED397593F48C}.Release|Any CPU.Build.0 = Release|Any CPU
		{62CA4E13-09CE-4E84-AED8-ED397593F48C}.Release|x64.ActiveCfg = Release|Any CPU
		{62CA4E13-09CE-4E84-AED8-ED397593F48C}.Release|x64.Build.0 = Release|Any CPU
		{62CA4E13-09CE-4E84-AED8-ED397593F48C}.Release|x86.ActiveCfg = Release|Any CPU
		{62CA4E13-09CE-4E84-AED8-ED397593F48C}.Release|x86.Build.0 = Release|Any CPU
	EndGlobalSection
EndGlobal
