
Microsoft Visual Studio Solution File, Format Version 12.00
# Visual Studio Version 16
VisualStudioVersion = 16.0.30114.105
MinimumVisualStudioVersion = 10.0.40219.1
Project("{2150E333-8FDC-42A3-9474-1A3956D46DE8}") = "Solution Items", "Solution Items", "{1A6E5698-5BF1-4AA8-BE3E-9D28AFEF6F90}"
ProjectSection(SolutionItems) = preProject
	.gitignore = .gitignore
	Readme.md = Readme.md
	template.yaml = template.yaml
EndProjectSection
EndProject
Project("{FAE04EC0-301F-11D3-BF4B-00C04F79EFBC}") = "MessageListener", "src\MessageListener\MessageListener.csproj", "{FF446664-B34A-4F59-8554-F5C9481FF82C}"
EndProject
Project("{FAE04EC0-301F-11D3-BF4B-00C04F79EFBC}") = "Domain", "src\Domain\Domain.csproj", "{B459E824-ECA2-4C2B-8A49-EF0841E5DFA5}"
EndProject
Project("{2150E333-8FDC-42A3-9474-1A3956D46DE8}") = "src", "src", "{CDADFA5C-896C-44D5-8CE5-8BC81A5366EC}"
EndProject
Project("{2150E333-8FDC-42A3-9474-1A3956D46DE8}") = "tests", "tests", "{8810A240-2CCF-4E9D-AF4C-346F45C839AC}"
EndProject
Project("{FAE04EC0-301F-11D3-BF4B-00C04F79EFBC}") = "MessageListenerTests", "tests\MessageListenerTests\MessageListenerTests.csproj", "{58997102-1946-417E-B293-0E689EBBDEB2}"
EndProject
Project("{FAE04EC0-301F-11D3-BF4B-00C04F79EFBC}") = "Application", "src\Application\Application.csproj", "{E7E83A68-985E-48D5-8B62-5C424AA1F597}"
EndProject
Project("{FAE04EC0-301F-11D3-BF4B-00C04F79EFBC}") = "CognitoCustomMessageProcessor", "src\CognitoCustomMessageProcessor\CognitoCustomMessageProcessor.csproj", "{AA2D6E11-E9E4-4935-ADD1-678CBB11EB11}"
EndProject
Project("{2150E333-8FDC-42A3-9474-1A3956D46DE8}") = "Functions", "Functions", "{FB5195DF-5663-4B6D-B4D9-B973659B6E59}"
EndProject
Project("{2150E333-8FDC-42A3-9474-1A3956D46DE8}") = "Core", "Core", "{50241595-0F33-443E-8F06-7DBD4D281C03}"
EndProject
Global
	GlobalSection(SolutionConfigurationPlatforms) = preSolution
		Debug|Any CPU = Debug|Any CPU
		Debug|x64 = Debug|x64
		Debug|x86 = Debug|x86
		Release|Any CPU = Release|Any CPU
		Release|x64 = Release|x64
		Release|x86 = Release|x86
	EndGlobalSection
	GlobalSection(SolutionProperties) = preSolution
		HideSolutionNode = FALSE
	EndGlobalSection
	GlobalSection(ProjectConfigurationPlatforms) = postSolution
		{FF446664-B34A-4F59-8554-F5C9481FF82C}.Debug|Any CPU.ActiveCfg = Debug|Any CPU
		{FF446664-B34A-4F59-8554-F5C9481FF82C}.Debug|Any CPU.Build.0 = Debug|Any CPU
		{FF446664-B34A-4F59-8554-F5C9481FF82C}.Debug|x64.ActiveCfg = Debug|Any CPU
		{FF446664-B34A-4F59-8554-F5C9481FF82C}.Debug|x64.Build.0 = Debug|Any CPU
		{FF446664-B34A-4F59-8554-F5C9481FF82C}.Debug|x86.ActiveCfg = Debug|Any CPU
		{FF446664-B34A-4F59-8554-F5C9481FF82C}.Debug|x86.Build.0 = Debug|Any CPU
		{FF446664-B34A-4F59-8554-F5C9481FF82C}.Release|Any CPU.ActiveCfg = Release|Any CPU
		{FF446664-B34A-4F59-8554-F5C9481FF82C}.Release|Any CPU.Build.0 = Release|Any CPU
		{FF446664-B34A-4F59-8554-F5C9481FF82C}.Release|x64.ActiveCfg = Release|Any CPU
		{FF446664-B34A-4F59-8554-F5C9481FF82C}.Release|x64.Build.0 = Release|Any CPU
		{FF446664-B34A-4F59-8554-F5C9481FF82C}.Release|x86.ActiveCfg = Release|Any CPU
		{FF446664-B34A-4F59-8554-F5C9481FF82C}.Release|x86.Build.0 = Release|Any CPU
		{B459E824-ECA2-4C2B-8A49-EF0841E5DFA5}.Debug|Any CPU.ActiveCfg = Debug|Any CPU
		{B459E824-ECA2-4C2B-8A49-EF0841E5DFA5}.Debug|Any CPU.Build.0 = Debug|Any CPU
		{B459E824-ECA2-4C2B-8A49-EF0841E5DFA5}.Debug|x64.ActiveCfg = Debug|Any CPU
		{B459E824-ECA2-4C2B-8A49-EF0841E5DFA5}.Debug|x64.Build.0 = Debug|Any CPU
		{B459E824-ECA2-4C2B-8A49-EF0841E5DFA5}.Debug|x86.ActiveCfg = Debug|Any CPU
		{B459E824-ECA2-4C2B-8A49-EF0841E5DFA5}.Debug|x86.Build.0 = Debug|Any CPU
		{B459E824-ECA2-4C2B-8A49-EF0841E5DFA5}.Release|Any CPU.ActiveCfg = Release|Any CPU
		{B459E824-ECA2-4C2B-8A49-EF0841E5DFA5}.Release|Any CPU.Build.0 = Release|Any CPU
		{B459E824-ECA2-4C2B-8A49-EF0841E5DFA5}.Release|x64.ActiveCfg = Release|Any CPU
		{B459E824-ECA2-4C2B-8A49-EF0841E5DFA5}.Release|x64.Build.0 = Release|Any CPU
		{B459E824-ECA2-4C2B-8A49-EF0841E5DFA5}.Release|x86.ActiveCfg = Release|Any CPU
		{B459E824-ECA2-4C2B-8A49-EF0841E5DFA5}.Release|x86.Build.0 = Release|Any CPU
		{58997102-1946-417E-B293-0E689EBBDEB2}.Debug|Any CPU.ActiveCfg = Debug|Any CPU
		{58997102-1946-417E-B293-0E689EBBDEB2}.Debug|Any CPU.Build.0 = Debug|Any CPU
		{58997102-1946-417E-B293-0E689EBBDEB2}.Debug|x64.ActiveCfg = Debug|Any CPU
		{58997102-1946-417E-B293-0E689EBBDEB2}.Debug|x64.Build.0 = Debug|Any CPU
		{58997102-1946-417E-B293-0E689EBBDEB2}.Debug|x86.ActiveCfg = Debug|Any CPU
		{58997102-1946-417E-B293-0E689EBBDEB2}.Debug|x86.Build.0 = Debug|Any CPU
		{58997102-1946-417E-B293-0E689EBBDEB2}.Release|Any CPU.ActiveCfg = Release|Any CPU
		{58997102-1946-417E-B293-0E689EBBDEB2}.Release|Any CPU.Build.0 = Release|Any CPU
		{58997102-1946-417E-B293-0E689EBBDEB2}.Release|x64.ActiveCfg = Release|Any CPU
		{58997102-1946-417E-B293-0E689EBBDEB2}.Release|x64.Build.0 = Release|Any CPU
		{58997102-1946-417E-B293-0E689EBBDEB2}.Release|x86.ActiveCfg = Release|Any CPU
		{58997102-1946-417E-B293-0E689EBBDEB2}.Release|x86.Build.0 = Release|Any CPU
		{E7E83A68-985E-48D5-8B62-5C424AA1F597}.Debug|Any CPU.ActiveCfg = Debug|Any CPU
		{E7E83A68-985E-48D5-8B62-5C424AA1F597}.Debug|Any CPU.Build.0 = Debug|Any CPU
		{E7E83A68-985E-48D5-8B62-5C424AA1F597}.Debug|x64.ActiveCfg = Debug|Any CPU
		{E7E83A68-985E-48D5-8B62-5C424AA1F597}.Debug|x64.Build.0 = Debug|Any CPU
		{E7E83A68-985E-48D5-8B62-5C424AA1F597}.Debug|x86.ActiveCfg = Debug|Any CPU
		{E7E83A68-985E-48D5-8B62-5C424AA1F597}.Debug|x86.Build.0 = Debug|Any CPU
		{E7E83A68-985E-48D5-8B62-5C424AA1F597}.Release|Any CPU.ActiveCfg = Release|Any CPU
		{E7E83A68-985E-48D5-8B62-5C424AA1F597}.Release|Any CPU.Build.0 = Release|Any CPU
		{E7E83A68-985E-48D5-8B62-5C424AA1F597}.Release|x64.ActiveCfg = Release|Any CPU
		{E7E83A68-985E-48D5-8B62-5C424AA1F597}.Release|x64.Build.0 = Release|Any CPU
		{E7E83A68-985E-48D5-8B62-5C424AA1F597}.Release|x86.ActiveCfg = Release|Any CPU
		{E7E83A68-985E-48D5-8B62-5C424AA1F597}.Release|x86.Build.0 = Release|Any CPU
		{AA2D6E11-E9E4-4935-ADD1-678CBB11EB11}.Debug|Any CPU.ActiveCfg = Debug|Any CPU
		{AA2D6E11-E9E4-4935-ADD1-678CBB11EB11}.Debug|Any CPU.Build.0 = Debug|Any CPU
		{AA2D6E11-E9E4-4935-ADD1-678CBB11EB11}.Debug|x64.ActiveCfg = Debug|Any CPU
		{AA2D6E11-E9E4-4935-ADD1-678CBB11EB11}.Debug|x64.Build.0 = Debug|Any CPU
		{AA2D6E11-E9E4-4935-ADD1-678CBB11EB11}.Debug|x86.ActiveCfg = Debug|Any CPU
		{AA2D6E11-E9E4-4935-ADD1-678CBB11EB11}.Debug|x86.Build.0 = Debug|Any CPU
		{AA2D6E11-E9E4-4935-ADD1-678CBB11EB11}.Release|Any CPU.ActiveCfg = Release|Any CPU
		{AA2D6E11-E9E4-4935-ADD1-678CBB11EB11}.Release|Any CPU.Build.0 = Release|Any CPU
		{AA2D6E11-E9E4-4935-ADD1-678CBB11EB11}.Release|x64.ActiveCfg = Release|Any CPU
		{AA2D6E11-E9E4-4935-ADD1-678CBB11EB11}.Release|x64.Build.0 = Release|Any CPU
		{AA2D6E11-E9E4-4935-ADD1-678CBB11EB11}.Release|x86.ActiveCfg = Release|Any CPU
		{AA2D6E11-E9E4-4935-ADD1-678CBB11EB11}.Release|x86.Build.0 = Release|Any CPU
	EndGlobalSection
	GlobalSection(NestedProjects) = preSolution
		{58997102-1946-417E-B293-0E689EBBDEB2} = {8810A240-2CCF-4E9D-AF4C-346F45C839AC}
		{FB5195DF-5663-4B6D-B4D9-B973659B6E59} = {CDADFA5C-896C-44D5-8CE5-8BC81A5366EC}
		{AA2D6E11-E9E4-4935-ADD1-678CBB11EB11} = {FB5195DF-5663-4B6D-B4D9-B973659B6E59}
		{FF446664-B34A-4F59-8554-F5C9481FF82C} = {FB5195DF-5663-4B6D-B4D9-B973659B6E59}
		{50241595-0F33-443E-8F06-7DBD4D281C03} = {CDADFA5C-896C-44D5-8CE5-8BC81A5366EC}
		{E7E83A68-985E-48D5-8B62-5C424AA1F597} = {50241595-0F33-443E-8F06-7DBD4D281C03}
		{B459E824-ECA2-4C2B-8A49-EF0841E5DFA5} = {50241595-0F33-443E-8F06-7DBD4D281C03}
	EndGlobalSection
	GlobalSection(RiderSharedRunConfigurations) = postSolution
		File = .rider-run-configuration\[Local] Execute Message.run.xml
		File = .rider-run-configuration\[Local] Execute Sqs listener.run.xml
		File = .rider-run-configuration\[Local] Cognito Custom Message - SignUp.run.xml
	EndGlobalSection
EndGlobal
